
Microsoft Visual Studio Solution File, Format Version 12.00
# Visual Studio 2017
Project("{FAE04EC0-301F-11D3-BF4B-00C04F79EFBC}") = "RuleOfGroup", "RuleOfGroup.csproj", "{52991FD1-9A34-8F7C-313D-DBE0ABFF365D}"
EndProject
Project("{FAE04EC0-301F-11D3-BF4B-00C04F79EFBC}") = "RuleOfGroup.Editor.Plugins", "RuleOfGroup.Editor.Plugins.csproj", "{78B41E58-197C-251E-F02F-F8A40F74F9DB}"
EndProject
Project("{FAE04EC0-301F-11D3-BF4B-00C04F79EFBC}") = "RuleOfGroup.Editor", "RuleOfGroup.Editor.csproj", "{C8D872A8-4F60-B2A4-4591-538B4DEB1062}"
EndProject
Global
	GlobalSection(SolutionConfigurationPlatforms) = preSolution
		Debug|Any CPU = Debug|Any CPU
		Release|Any CPU = Release|Any CPU
	EndGlobalSection
	GlobalSection(ProjectConfigurationPlatforms) = postSolution
		{52991FD1-9A34-8F7C-313D-DBE0ABFF365D}.Debug|Any CPU.ActiveCfg = Debug|Any CPU
		{52991FD1-9A34-8F7C-313D-DBE0ABFF365D}.Debug|Any CPU.Build.0 = Debug|Any CPU
		{52991FD1-9A34-8F7C-313D-DBE0ABFF365D}.Release|Any CPU.ActiveCfg = Release|Any CPU
		{52991FD1-9A34-8F7C-313D-DBE0ABFF365D}.Release|Any CPU.Build.0 = Release|Any CPU
		{78B41E58-197C-251E-F02F-F8A40F74F9DB}.Debug|Any CPU.ActiveCfg = Debug|Any CPU
		{78B41E58-197C-251E-F02F-F8A40F74F9DB}.Debug|Any CPU.Build.0 = Debug|Any CPU
		{78B41E58-197C-251E-F02F-F8A40F74F9DB}.Release|Any CPU.ActiveCfg = Release|Any CPU
		{78B41E58-197C-251E-F02F-F8A40F74F9DB}.Release|Any CPU.Build.0 = Release|Any CPU
		{C8D872A8-4F60-B2A4-4591-538B4DEB1062}.Debug|Any CPU.ActiveCfg = Debug|Any CPU
		{C8D872A8-4F60-B2A4-4591-538B4DEB1062}.Debug|Any CPU.Build.0 = Debug|Any CPU
		{C8D872A8-4F60-B2A4-4591-538B4DEB1062}.Release|Any CPU.ActiveCfg = Release|Any CPU
		{C8D872A8-4F60-B2A4-4591-538B4DEB1062}.Release|Any CPU.Build.0 = Release|Any CPU
	EndGlobalSection
	GlobalSection(SolutionProperties) = preSolution
		HideSolutionNode = FALSE
	EndGlobalSection
EndGlobal
